
Microsoft Visual Studio Solution File, Format Version 12.00
# Visual Studio 2013
VisualStudioVersion = 12.0.30723.0
MinimumVisualStudioVersion = 10.0.40219.1
Project("{FAE04EC0-301F-11D3-BF4B-00C04F79EFBC}") = "StringMaster", "StringMaster\StringMaster.csproj", "{9DF26EA5-EF77-476C-B344-1B3725C1CD3B}"
EndProject
Project("{FAE04EC0-301F-11D3-BF4B-00C04F79EFBC}") = "StringMaster.UnitTests", "StringMaster.UnitTests\StringMaster.UnitTests.csproj", "{EE37776A-CFCD-4E73-BC01-B7FB01EBB172}"
EndProject
Global
	GlobalSection(SolutionConfigurationPlatforms) = preSolution
		Debug|Any CPU = Debug|Any CPU
		Release|Any CPU = Release|Any CPU
	EndGlobalSection
	GlobalSection(ProjectConfigurationPlatforms) = postSolution
		{9DF26EA5-EF77-476C-B344-1B3725C1CD3B}.Debug|Any CPU.ActiveCfg = Debug|Any CPU
		{9DF26EA5-EF77-476C-B344-1B3725C1CD3B}.Debug|Any CPU.Build.0 = Debug|Any CPU
		{9DF26EA5-EF77-476C-B344-1B3725C1CD3B}.Release|Any CPU.ActiveCfg = Release|Any CPU
		{9DF26EA5-EF77-476C-B344-1B3725C1CD3B}.Release|Any CPU.Build.0 = Release|Any CPU
		{EE37776A-CFCD-4E73-BC01-B7FB01EBB172}.Debug|Any CPU.ActiveCfg = Debug|Any CPU
		{EE37776A-CFCD-4E73-BC01-B7FB01EBB172}.Debug|Any CPU.Build.0 = Debug|Any CPU
		{EE37776A-CFCD-4E73-BC01-B7FB01EBB172}.Release|Any CPU.ActiveCfg = Release|Any CPU
		{EE37776A-CFCD-4E73-BC01-B7FB01EBB172}.Release|Any CPU.Build.0 = Release|Any CPU
	EndGlobalSection
	GlobalSection(SolutionProperties) = preSolution
		HideSolutionNode = FALSE
	EndGlobalSection
EndGlobal
